PODS:
  - Differentiator (4.0.1)
  - Kingfisher (5.15.6):
    - Kingfisher/Core (= 5.15.6)
  - Kingfisher/Core (5.15.6)
  - Nimble (9.0.0)
  - Quick (3.0.0)
  - RxBlocking (5.1.1):
    - RxSwift (~> 5)
  - RxCocoa (5.1.1):
    - RxRelay (~> 5)
    - RxSwift (~> 5)
  - RxDataSources (4.0.1):
    - Differentiator (~> 4.0)
    - RxCocoa (~> 5.0)
    - RxSwift (~> 5.0)
  - RxRelay (5.1.1):
    - RxSwift (~> 5)
  - RxSwift (5.1.1)
  - RxTest (5.1.1):
    - RxSwift (~> 5)
  - SnapKit (5.0.1)
  - SwiftLint (0.40.3)

DEPENDENCIES:
  - Kingfisher (= 5.15.6)
  - Nimble (= 9.0.0)
  - Quick (= 3.0.0)
  - RxBlocking (= 5.1.1)
  - RxCocoa (= 5.1.1)
  - RxDataSources (= 4.0.1)
  - RxRelay (= 5.1.1)
  - RxSwift (= 5.1.1)
  - RxTest (= 5.1.1)
  - SnapKit (= 5.0.1)
  - SwiftLint (= 0.40.3)

SPEC REPOS:
  trunk:
    - Differentiator
    - Kingfisher
    - Nimble
    - Quick
    - RxBlocking
    - RxCocoa
    - RxDataSources
    - RxRelay
    - RxSwift
    - RxTest
    - SnapKit
    - SwiftLint

SPEC CHECKSUMS:
  Differentiator: 886080237d9f87f322641dedbc5be257061b0602
  Kingfisher: b3554e7bf6106115b44e8795300bad580ef2fdc7
  Nimble: 3b4ec3fd40f1dc178058e0981107721c615643d8
  Quick: 6d9559f40647bc4d510103842ef2fdd882d753e2
  RxBlocking: 5f700a78cad61ce253ebd37c9a39b5ccc76477b4
  RxCocoa: 32065309a38d29b5b0db858819b5bf9ef038b601
  RxDataSources: efee07fa4de48477eca0a4611e6d11e2da9c1114
  RxRelay: d77f7d771495f43c556cbc43eebd1bb54d01e8e9
  RxSwift: 81470a2074fa8780320ea5fe4102807cb7118178
  RxTest: 711632d5644dffbeb62c936a521b5b008a1e1faa
  SnapKit: 97b92857e3df3a0c71833cce143274bf6ef8e5eb
  SwiftLint: dfd554ff0dff17288ee574814ccdd5cea85d76f7

PODFILE CHECKSUM: 703733a985f93b29eda0bb4eb229b5d9bf1c1866

COCOAPODS: 1.9.3
